// !$*UTF8*$!
{
	archiveVersion = 1;
	classes = {
	};
	objectVersion = 46;
	objects = {

/* Begin PBXBuildFile section */
		0522C6C11B3D75EE004DECBE /* Fabric.framework in Frameworks */ = {isa = PBXBuildFile; fileRef = 0522C6BF1B3D75EE004DECBE /* Fabric.framework */; };
		0522C6C21B3D75EE004DECBE /* Crashlytics.framework in Frameworks */ = {isa = PBXBuildFile; fileRef = 0522C6C01B3D75EE004DECBE /* Crashlytics.framework */; };
		053BF48C19E3159D000DE3B0 /* FieldRequirements.txt in Resources */ = {isa = PBXBuildFile; fileRef = 053BF48A19E3159D000DE3B0 /* FieldRequirements.txt */; };
		053BF48D19E3159D000DE3B0 /* TemplateIcon2x.png in Resources */ = {isa = PBXBuildFile; fileRef = 053BF48B19E3159D000DE3B0 /* TemplateIcon2x.png */; };
		054D0D5819D5D90E00C0C1A3 /* CSensorSampleInfoContainer.m in Sources */ = {isa = PBXBuildFile; fileRef = 054D0D5719D5D90E00C0C1A3 /* CSensorSampleInfoContainer.m */; };
		054D0D5A19D5DAFD00C0C1A3 /* CoreLocation.framework in Frameworks */ = {isa = PBXBuildFile; fileRef = 054D0D5919D5DAFD00C0C1A3 /* CoreLocation.framework */; };
		056AC01C1AEA8F4C001ADC86 /* STAccelerometerMonitor.m in Sources */ = {isa = PBXBuildFile; fileRef = 056AC00D1AEA8F4C001ADC86 /* STAccelerometerMonitor.m */; };
		056AC01D1AEA8F4C001ADC86 /* STActivityMonitor.m in Sources */ = {isa = PBXBuildFile; fileRef = 056AC00F1AEA8F4C001ADC86 /* STActivityMonitor.m */; };
		056AC01E1AEA8F4C001ADC86 /* STGpsMonitor.m in Sources */ = {isa = PBXBuildFile; fileRef = 056AC0111AEA8F4C001ADC86 /* STGpsMonitor.m */; };
		056AC01F1AEA8F4C001ADC86 /* STGyroMonitor.m in Sources */ = {isa = PBXBuildFile; fileRef = 056AC0131AEA8F4C001ADC86 /* STGyroMonitor.m */; };
		056AC0201AEA8F4C001ADC86 /* STMagnetrometerMonitor.m in Sources */ = {isa = PBXBuildFile; fileRef = 056AC0151AEA8F4C001ADC86 /* STMagnetrometerMonitor.m */; };
		056AC0211AEA8F4C001ADC86 /* STMotionMonitor.m in Sources */ = {isa = PBXBuildFile; fileRef = 056AC0171AEA8F4C001ADC86 /* STMotionMonitor.m */; };
		056AC0221AEA8F4C001ADC86 /* STProximityMonitor.m in Sources */ = {isa = PBXBuildFile; fileRef = 056AC0191AEA8F4C001ADC86 /* STProximityMonitor.m */; };
		056AC0231AEA8F4C001ADC86 /* STSensorManager.m in Sources */ = {isa = PBXBuildFile; fileRef = 056AC01B1AEA8F4C001ADC86 /* STSensorManager.m */; };
		059CEEC41B567C2500BECEA6 /* CentralManager.m in Sources */ = {isa = PBXBuildFile; fileRef = 059CEEC01B567C2500BECEA6 /* CentralManager.m */; };
		059CEEC51B567C2500BECEA6 /* PeripheralHandler.m in Sources */ = {isa = PBXBuildFile; fileRef = 059CEEC21B567C2500BECEA6 /* PeripheralHandler.m */; };
		059CEEC71B567C6700BECEA6 /* CoreBluetooth.framework in Frameworks */ = {isa = PBXBuildFile; fileRef = 059CEEC61B567C6700BECEA6 /* CoreBluetooth.framework */; };
		059CEECA1B56828100BECEA6 /* CBtleConnectionViewController.m in Sources */ = {isa = PBXBuildFile; fileRef = 059CEEC91B56828100BECEA6 /* CBtleConnectionViewController.m */; };
		05C9087F1974572C00A1534D /* Foundation.framework in Frameworks */ = {isa = PBXBuildFile; fileRef = 05C9087E1974572C00A1534D /* Foundation.framework */; };
		05C908811974572C00A1534D /* CoreGraphics.framework in Frameworks */ = {isa = PBXBuildFile; fileRef = 05C908801974572C00A1534D /* CoreGraphics.framework */; };
		05C908831974572C00A1534D /* UIKit.framework in Frameworks */ = {isa = PBXBuildFile; fileRef = 05C908821974572C00A1534D /* UIKit.framework */; };
		05C908891974572C00A1534D /* InfoPlist.strings in Resources */ = {isa = PBXBuildFile; fileRef = 05C908871974572C00A1534D /* InfoPlist.strings */; };
		05C9088B1974572C00A1534D /* main.m in Sources */ = {isa = PBXBuildFile; fileRef = 05C9088A1974572C00A1534D /* main.m */; };
		05C9088F1974572C00A1534D /* CAppDelegate.m in Sources */ = {isa = PBXBuildFile; fileRef = 05C9088E1974572C00A1534D /* CAppDelegate.m */; };
		05C908921974572C00A1534D /* Main_iPhone.storyboard in Resources */ = {isa = PBXBuildFile; fileRef = 05C908901974572C00A1534D /* Main_iPhone.storyboard */; };
		05C908951974572C00A1534D /* Main_iPad.storyboard in Resources */ = {isa = PBXBuildFile; fileRef = 05C908931974572C00A1534D /* Main_iPad.storyboard */; };
		05C908981974572C00A1534D /* CViewController.m in Sources */ = {isa = PBXBuildFile; fileRef = 05C908971974572C00A1534D /* CViewController.m */; };
		05C9089A1974572C00A1534D /* Images.xcassets in Resources */ = {isa = PBXBuildFile; fileRef = 05C908991974572C00A1534D /* Images.xcassets */; };
		05C908A11974572C00A1534D /* XCTest.framework in Frameworks */ = {isa = PBXBuildFile; fileRef = 05C908A01974572C00A1534D /* XCTest.framework */; };
		05C908A21974572C00A1534D /* Foundation.framework in Frameworks */ = {isa = PBXBuildFile; fileRef = 05C9087E1974572C00A1534D /* Foundation.framework */; };
		05C908A31974572C00A1534D /* UIKit.framework in Frameworks */ = {isa = PBXBuildFile; fileRef = 05C908821974572C00A1534D /* UIKit.framework */; };
		05C908AB1974572C00A1534D /* InfoPlist.strings in Resources */ = {isa = PBXBuildFile; fileRef = 05C908A91974572C00A1534D /* InfoPlist.strings */; };
		05C908AD1974572C00A1534D /* CoreMotionCaptureTests.m in Sources */ = {isa = PBXBuildFile; fileRef = 05C908AC1974572C00A1534D /* CoreMotionCaptureTests.m */; };
		05C908B71974573D00A1534D /* CoreMotion.framework in Frameworks */ = {isa = PBXBuildFile; fileRef = 05C908B61974573D00A1534D /* CoreMotion.framework */; };
		05C908BD19746F2200A1534D /* CMotionLogger.m in Sources */ = {isa = PBXBuildFile; fileRef = 05C908BC19746F2200A1534D /* CMotionLogger.m */; };
/* End PBXBuildFile section */

/* Begin PBXContainerItemProxy section */
		05C908A41974572C00A1534D /* PBXContainerItemProxy */ = {
			isa = PBXContainerItemProxy;
			containerPortal = 05C908731974572C00A1534D /* Project object */;
			proxyType = 1;
			remoteGlobalIDString = 05C9087A1974572C00A1534D;
			remoteInfo = CoreMotionCapture;
		};
/* End PBXContainerItemProxy section */

/* Begin PBXFileReference section */
		0522C6BF1B3D75EE004DECBE /* Fabric.framework */ = {isa = PBXFileReference; lastKnownFileType = wrapper.framework; path = Fabric.framework; sourceTree = "<group>"; };
		0522C6C01B3D75EE004DECBE /* Crashlytics.framework */ = {isa = PBXFileReference; lastKnownFileType = wrapper.framework; path = Crashlytics.framework; sourceTree = "<group>"; };
		053BF48A19E3159D000DE3B0 /* FieldRequirements.txt */ = {isa = PBXFileReference; fileEncoding = 4; lastKnownFileType = text; path = FieldRequirements.txt; sourceTree = "<group>"; };
		053BF48B19E3159D000DE3B0 /* TemplateIcon2x.png */ = {isa = PBXFileReference; lastKnownFileType = image.png; path = TemplateIcon2x.png; sourceTree = "<group>"; };
		054D0D5619D5D90E00C0C1A3 /* CSensorSampleInfoContainer.h */ = {isa = PBXFileReference; fileEncoding = 4; lastKnownFileType = sourcecode.c.h; path = CSensorSampleInfoContainer.h; sourceTree = "<group>"; };
		054D0D5719D5D90E00C0C1A3 /* CSensorSampleInfoContainer.m */ = {isa = PBXFileReference; fileEncoding = 4; lastKnownFileType = sourcecode.c.objc; path = CSensorSampleInfoContainer.m; sourceTree = "<group>"; };
		054D0D5919D5DAFD00C0C1A3 /* CoreLocation.framework */ = {isa = PBXFileReference; lastKnownFileType = wrapper.framework; name = CoreLocation.framework; path = System/Library/Frameworks/CoreLocation.framework; sourceTree = SDKROOT; };
		056AC00A1AEA8F4C001ADC86 /* SensorModuleProtocols.h */ = {isa = PBXFileReference; fileEncoding = 4; lastKnownFileType = sourcecode.c.h; name = SensorModuleProtocols.h; path = CoreMotionCapture/SensorModules/SensorModuleProtocols.h; sourceTree = "<group>"; };
		056AC00B1AEA8F4C001ADC86 /* SensorMonitoringDefs.h */ = {isa = PBXFileReference; fileEncoding = 4; lastKnownFileType = sourcecode.c.h; name = SensorMonitoringDefs.h; path = CoreMotionCapture/SensorModules/SensorMonitoringDefs.h; sourceTree = "<group>"; };
		056AC00C1AEA8F4C001ADC86 /* STAccelerometerMonitor.h */ = {isa = PBXFileReference; fileEncoding = 4; lastKnownFileType = sourcecode.c.h; name = STAccelerometerMonitor.h; path = CoreMotionCapture/SensorModules/STAccelerometerMonitor.h; sourceTree = "<group>"; };
		056AC00D1AEA8F4C001ADC86 /* STAccelerometerMonitor.m */ = {isa = PBXFileReference; fileEncoding = 4; lastKnownFileType = sourcecode.c.objc; name = STAccelerometerMonitor.m; path = CoreMotionCapture/SensorModules/STAccelerometerMonitor.m; sourceTree = "<group>"; };
		056AC00E1AEA8F4C001ADC86 /* STActivityMonitor.h */ = {isa = PBXFileReference; fileEncoding = 4; lastKnownFileType = sourcecode.c.h; name = STActivityMonitor.h; path = CoreMotionCapture/SensorModules/STActivityMonitor.h; sourceTree = "<group>"; };
		056AC00F1AEA8F4C001ADC86 /* STActivityMonitor.m */ = {isa = PBXFileReference; fileEncoding = 4; lastKnownFileType = sourcecode.c.objc; name = STActivityMonitor.m; path = CoreMotionCapture/SensorModules/STActivityMonitor.m; sourceTree = "<group>"; };
		056AC0101AEA8F4C001ADC86 /* STGpsMonitor.h */ = {isa = PBXFileReference; fileEncoding = 4; lastKnownFileType = sourcecode.c.h; name = STGpsMonitor.h; path = CoreMotionCapture/SensorModules/STGpsMonitor.h; sourceTree = "<group>"; };
		056AC0111AEA8F4C001ADC86 /* STGpsMonitor.m */ = {isa = PBXFileReference; fileEncoding = 4; lastKnownFileType = sourcecode.c.objc; name = STGpsMonitor.m; path = CoreMotionCapture/SensorModules/STGpsMonitor.m; sourceTree = "<group>"; };
		056AC0121AEA8F4C001ADC86 /* STGyroMonitor.h */ = {isa = PBXFileReference; fileEncoding = 4; lastKnownFileType = sourcecode.c.h; name = STGyroMonitor.h; path = CoreMotionCapture/SensorModules/STGyroMonitor.h; sourceTree = "<group>"; };
		056AC0131AEA8F4C001ADC86 /* STGyroMonitor.m */ = {isa = PBXFileReference; fileEncoding = 4; lastKnownFileType = sourcecode.c.objc; name = STGyroMonitor.m; path = CoreMotionCapture/SensorModules/STGyroMonitor.m; sourceTree = "<group>"; };
		056AC0141AEA8F4C001ADC86 /* STMagnetrometerMonitor.h */ = {isa = PBXFileReference; fileEncoding = 4; lastKnownFileType = sourcecode.c.h; name = STMagnetrometerMonitor.h; path = CoreMotionCapture/SensorModules/STMagnetrometerMonitor.h; sourceTree = "<group>"; };
		056AC0151AEA8F4C001ADC86 /* STMagnetrometerMonitor.m */ = {isa = PBXFileReference; fileEncoding = 4; lastKnownFileType = sourcecode.c.objc; name = STMagnetrometerMonitor.m; path = CoreMotionCapture/SensorModules/STMagnetrometerMonitor.m; sourceTree = "<group>"; };
		056AC0161AEA8F4C001ADC86 /* STMotionMonitor.h */ = {isa = PBXFileReference; fileEncoding = 4; lastKnownFileType = sourcecode.c.h; name = STMotionMonitor.h; path = CoreMotionCapture/SensorModules/STMotionMonitor.h; sourceTree = "<group>"; };
		056AC0171AEA8F4C001ADC86 /* STMotionMonitor.m */ = {isa = PBXFileReference; fileEncoding = 4; lastKnownFileType = sourcecode.c.objc; name = STMotionMonitor.m; path = CoreMotionCapture/SensorModules/STMotionMonitor.m; sourceTree = "<group>"; };
		056AC0181AEA8F4C001ADC86 /* STProximityMonitor.h */ = {isa = PBXFileReference; fileEncoding = 4; lastKnownFileType = sourcecode.c.h; name = STProximityMonitor.h; path = CoreMotionCapture/SensorModules/STProximityMonitor.h; sourceTree = "<group>"; };
		056AC0191AEA8F4C001ADC86 /* STProximityMonitor.m */ = {isa = PBXFileReference; fileEncoding = 4; lastKnownFileType = sourcecode.c.objc; name = STProximityMonitor.m; path = CoreMotionCapture/SensorModules/STProximityMonitor.m; sourceTree = "<group>"; };
		056AC01A1AEA8F4C001ADC86 /* STSensorManager.h */ = {isa = PBXFileReference; fileEncoding = 4; lastKnownFileType = sourcecode.c.h; name = STSensorManager.h; path = CoreMotionCapture/SensorModules/STSensorManager.h; sourceTree = "<group>"; };
		056AC01B1AEA8F4C001ADC86 /* STSensorManager.m */ = {isa = PBXFileReference; fileEncoding = 4; lastKnownFileType = sourcecode.c.objc; name = STSensorManager.m; path = CoreMotionCapture/SensorModules/STSensorManager.m; sourceTree = "<group>"; };
		059CEEBF1B567C2500BECEA6 /* CentralManager.h */ = {isa = PBXFileReference; fileEncoding = 4; lastKnownFileType = sourcecode.c.h; name = CentralManager.h; path = CoreMotionCapture/SensorModules/BTLE_Modules/CentralManager.h; sourceTree = "<group>"; };
		059CEEC01B567C2500BECEA6 /* CentralManager.m */ = {isa = PBXFileReference; fileEncoding = 4; lastKnownFileType = sourcecode.c.objc; name = CentralManager.m; path = CoreMotionCapture/SensorModules/BTLE_Modules/CentralManager.m; sourceTree = "<group>"; };
		059CEEC11B567C2500BECEA6 /* PeripheralHandler.h */ = {isa = PBXFileReference; fileEncoding = 4; lastKnownFileType = sourcecode.c.h; name = PeripheralHandler.h; path = CoreMotionCapture/SensorModules/BTLE_Modules/PeripheralHandler.h; sourceTree = "<group>"; };
		059CEEC21B567C2500BECEA6 /* PeripheralHandler.m */ = {isa = PBXFileReference; fileEncoding = 4; lastKnownFileType = sourcecode.c.objc; name = PeripheralHandler.m; path = CoreMotionCapture/SensorModules/BTLE_Modules/PeripheralHandler.m; sourceTree = "<group>"; };
		059CEEC61B567C6700BECEA6 /* CoreBluetooth.framework */ = {isa = PBXFileReference; lastKnownFileType = wrapper.framework; name = CoreBluetooth.framework; path = System/Library/Frameworks/CoreBluetooth.framework; sourceTree = SDKROOT; };
		059CEEC81B56828100BECEA6 /* CBtleConnectionViewController.h */ = {isa = PBXFileReference; fileEncoding = 4; lastKnownFileType = sourcecode.c.h; path = CBtleConnectionViewController.h; sourceTree = "<group>"; };
		059CEEC91B56828100BECEA6 /* CBtleConnectionViewController.m */ = {isa = PBXFileReference; fileEncoding = 4; lastKnownFileType = sourcecode.c.objc; path = CBtleConnectionViewController.m; sourceTree = "<group>"; };
		05C9087B1974572C00A1534D /* DataCapture.app */ = {isa = PBXFileReference; explicitFileType = wrapper.application; includeInIndex = 0; path = DataCapture.app; sourceTree = BUILT_PRODUCTS_DIR; };
		05C9087E1974572C00A1534D /* Foundation.framework */ = {isa = PBXFileReference; lastKnownFileType = wrapper.framework; name = Foundation.framework; path = System/Library/Frameworks/Foundation.framework; sourceTree = SDKROOT; };
		05C908801974572C00A1534D /* CoreGraphics.framework */ = {isa = PBXFileReference; lastKnownFileType = wrapper.framework; name = CoreGraphics.framework; path = System/Library/Frameworks/CoreGraphics.framework; sourceTree = SDKROOT; };
		05C908821974572C00A1534D /* UIKit.framework */ = {isa = PBXFileReference; lastKnownFileType = wrapper.framework; name = UIKit.framework; path = System/Library/Frameworks/UIKit.framework; sourceTree = SDKROOT; };
		05C908861974572C00A1534D /* CoreMotionCapture-Info.plist */ = {isa = PBXFileReference; lastKnownFileType = text.plist.xml; path = "CoreMotionCapture-Info.plist"; sourceTree = "<group>"; };
		05C908881974572C00A1534D /* en */ = {isa = PBXFileReference; lastKnownFileType = text.plist.strings; name = en; path = en.lproj/InfoPlist.strings; sourceTree = "<group>"; };
		05C9088A1974572C00A1534D /* main.m */ = {isa = PBXFileReference; lastKnownFileType = sourcecode.c.objc; path = main.m; sourceTree = "<group>"; };
		05C9088C1974572C00A1534D /* CoreMotionCapture-Prefix.pch */ = {isa = PBXFileReference; lastKnownFileType = sourcecode.c.h; path = "CoreMotionCapture-Prefix.pch"; sourceTree = "<group>"; };
		05C9088D1974572C00A1534D /* CAppDelegate.h */ = {isa = PBXFileReference; lastKnownFileType = sourcecode.c.h; path = CAppDelegate.h; sourceTree = "<group>"; };
		05C9088E1974572C00A1534D /* CAppDelegate.m */ = {isa = PBXFileReference; lastKnownFileType = sourcecode.c.objc; path = CAppDelegate.m; sourceTree = "<group>"; };
		05C908911974572C00A1534D /* Base */ = {isa = PBXFileReference; lastKnownFileType = file.storyboard; name = Base; path = Base.lproj/Main_iPhone.storyboard; sourceTree = "<group>"; };
		05C908941974572C00A1534D /* Base */ = {isa = PBXFileReference; lastKnownFileType = file.storyboard; name = Base; path = Base.lproj/Main_iPad.storyboard; sourceTree = "<group>"; };
		05C908961974572C00A1534D /* CViewController.h */ = {isa = PBXFileReference; lastKnownFileType = sourcecode.c.h; path = CViewController.h; sourceTree = "<group>"; };
		05C908971974572C00A1534D /* CViewController.m */ = {isa = PBXFileReference; lastKnownFileType = sourcecode.c.objc; path = CViewController.m; sourceTree = "<group>"; };
		05C908991974572C00A1534D /* Images.xcassets */ = {isa = PBXFileReference; lastKnownFileType = folder.assetcatalog; path = Images.xcassets; sourceTree = "<group>"; };
		05C9089F1974572C00A1534D /* CoreMotionCaptureTests.xctest */ = {isa = PBXFileReference; explicitFileType = wrapper.cfbundle; includeInIndex = 0; path = CoreMotionCaptureTests.xctest; sourceTree = BUILT_PRODUCTS_DIR; };
		05C908A01974572C00A1534D /* XCTest.framework */ = {isa = PBXFileReference; lastKnownFileType = wrapper.framework; name = XCTest.framework; path = Library/Frameworks/XCTest.framework; sourceTree = DEVELOPER_DIR; };
		05C908A81974572C00A1534D /* CoreMotionCaptureTests-Info.plist */ = {isa = PBXFileReference; lastKnownFileType = text.plist.xml; path = "CoreMotionCaptureTests-Info.plist"; sourceTree = "<group>"; };
		05C908AA1974572C00A1534D /* en */ = {isa = PBXFileReference; lastKnownFileType = text.plist.strings; name = en; path = en.lproj/InfoPlist.strings; sourceTree = "<group>"; };
		05C908AC1974572C00A1534D /* CoreMotionCaptureTests.m */ = {isa = PBXFileReference; lastKnownFileType = sourcecode.c.objc; path = CoreMotionCaptureTests.m; sourceTree = "<group>"; };
		05C908B61974573D00A1534D /* CoreMotion.framework */ = {isa = PBXFileReference; lastKnownFileType = wrapper.framework; name = CoreMotion.framework; path = System/Library/Frameworks/CoreMotion.framework; sourceTree = SDKROOT; };
		05C908BB19746F2200A1534D /* CMotionLogger.h */ = {isa = PBXFileReference; fileEncoding = 4; lastKnownFileType = sourcecode.c.h; path = CMotionLogger.h; sourceTree = "<group>"; };
		05C908BC19746F2200A1534D /* CMotionLogger.m */ = {isa = PBXFileReference; fileEncoding = 4; lastKnownFileType = sourcecode.c.objc; path = CMotionLogger.m; sourceTree = "<group>"; };
/* End PBXFileReference section */

/* Begin PBXFrameworksBuildPhase section */
		05C908781974572C00A1534D /* Frameworks */ = {
			isa = PBXFrameworksBuildPhase;
			buildActionMask = 2147483647;
			files = (
				059CEEC71B567C6700BECEA6 /* CoreBluetooth.framework in Frameworks */,
				054D0D5A19D5DAFD00C0C1A3 /* CoreLocation.framework in Frameworks */,
				05C908B71974573D00A1534D /* CoreMotion.framework in Frameworks */,
				05C908811974572C00A1534D /* CoreGraphics.framework in Frameworks */,
				05C908831974572C00A1534D /* UIKit.framework in Frameworks */,
				05C9087F1974572C00A1534D /* Foundation.framework in Frameworks */,
				0522C6C11B3D75EE004DECBE /* Fabric.framework in Frameworks */,
				0522C6C21B3D75EE004DECBE /* Crashlytics.framework in Frameworks */,
			);
			runOnlyForDeploymentPostprocessing = 0;
		};
		05C9089C1974572C00A1534D /* Frameworks */ = {
			isa = PBXFrameworksBuildPhase;
			buildActionMask = 2147483647;
			files = (
				05C908A11974572C00A1534D /* XCTest.framework in Frameworks */,
				05C908A31974572C00A1534D /* UIKit.framework in Frameworks */,
				05C908A21974572C00A1534D /* Foundation.framework in Frameworks */,
			);
			runOnlyForDeploymentPostprocessing = 0;
		};
/* End PBXFrameworksBuildPhase section */

/* Begin PBXGroup section */
		056AC0091AEA8F34001ADC86 /* SensorModules */ = {
			isa = PBXGroup;
			children = (
				059CEEBA1B567BF600BECEA6 /* BTLE_Modules */,
				056AC00A1AEA8F4C001ADC86 /* SensorModuleProtocols.h */,
				056AC00B1AEA8F4C001ADC86 /* SensorMonitoringDefs.h */,
				056AC00C1AEA8F4C001ADC86 /* STAccelerometerMonitor.h */,
				056AC00D1AEA8F4C001ADC86 /* STAccelerometerMonitor.m */,
				056AC00E1AEA8F4C001ADC86 /* STActivityMonitor.h */,
				056AC00F1AEA8F4C001ADC86 /* STActivityMonitor.m */,
				056AC0101AEA8F4C001ADC86 /* STGpsMonitor.h */,
				056AC0111AEA8F4C001ADC86 /* STGpsMonitor.m */,
				056AC0121AEA8F4C001ADC86 /* STGyroMonitor.h */,
				056AC0131AEA8F4C001ADC86 /* STGyroMonitor.m */,
				056AC0141AEA8F4C001ADC86 /* STMagnetrometerMonitor.h */,
				056AC0151AEA8F4C001ADC86 /* STMagnetrometerMonitor.m */,
				056AC0161AEA8F4C001ADC86 /* STMotionMonitor.h */,
				056AC0171AEA8F4C001ADC86 /* STMotionMonitor.m */,
				056AC0181AEA8F4C001ADC86 /* STProximityMonitor.h */,
				056AC0191AEA8F4C001ADC86 /* STProximityMonitor.m */,
				056AC01A1AEA8F4C001ADC86 /* STSensorManager.h */,
				056AC01B1AEA8F4C001ADC86 /* STSensorManager.m */,
			);
			name = SensorModules;
			sourceTree = "<group>";
		};
		059CEEBA1B567BF600BECEA6 /* BTLE_Modules */ = {
			isa = PBXGroup;
			children = (
				059CEEBF1B567C2500BECEA6 /* CentralManager.h */,
				059CEEC01B567C2500BECEA6 /* CentralManager.m */,
				059CEEC11B567C2500BECEA6 /* PeripheralHandler.h */,
				059CEEC21B567C2500BECEA6 /* PeripheralHandler.m */,
			);
			name = BTLE_Modules;
			sourceTree = "<group>";
		};
		05C908721974572C00A1534D = {
			isa = PBXGroup;
			children = (
				0522C6BF1B3D75EE004DECBE /* Fabric.framework */,
				0522C6C01B3D75EE004DECBE /* Crashlytics.framework */,
				056AC0091AEA8F34001ADC86 /* SensorModules */,
				05C908841974572C00A1534D /* CoreMotionCapture */,
				05C908A61974572C00A1534D /* CoreMotionCaptureTests */,
				05C9087D1974572C00A1534D /* Frameworks */,
				05C9087C1974572C00A1534D /* Products */,
			);
			sourceTree = "<group>";
		};
		05C9087C1974572C00A1534D /* Products */ = {
			isa = PBXGroup;
			children = (
				05C9087B1974572C00A1534D /* DataCapture.app */,
				05C9089F1974572C00A1534D /* CoreMotionCaptureTests.xctest */,
			);
			name = Products;
			sourceTree = "<group>";
		};
		05C9087D1974572C00A1534D /* Frameworks */ = {
			isa = PBXGroup;
			children = (
				059CEEC61B567C6700BECEA6 /* CoreBluetooth.framework */,
				054D0D5919D5DAFD00C0C1A3 /* CoreLocation.framework */,
				05C908B61974573D00A1534D /* CoreMotion.framework */,
				05C9087E1974572C00A1534D /* Foundation.framework */,
				05C908801974572C00A1534D /* CoreGraphics.framework */,
				05C908821974572C00A1534D /* UIKit.framework */,
				05C908A01974572C00A1534D /* XCTest.framework */,
			);
			name = Frameworks;
			sourceTree = "<group>";
		};
		05C908841974572C00A1534D /* CoreMotionCapture */ = {
			isa = PBXGroup;
			children = (
				05C9088D1974572C00A1534D /* CAppDelegate.h */,
				05C9088E1974572C00A1534D /* CAppDelegate.m */,
				05C908BB19746F2200A1534D /* CMotionLogger.h */,
				05C908BC19746F2200A1534D /* CMotionLogger.m */,
				05C908901974572C00A1534D /* Main_iPhone.storyboard */,
				05C908961974572C00A1534D /* CViewController.h */,
				05C908971974572C00A1534D /* CViewController.m */,
				054D0D5619D5D90E00C0C1A3 /* CSensorSampleInfoContainer.h */,
				054D0D5719D5D90E00C0C1A3 /* CSensorSampleInfoContainer.m */,
				059CEEC81B56828100BECEA6 /* CBtleConnectionViewController.h */,
				059CEEC91B56828100BECEA6 /* CBtleConnectionViewController.m */,
				05C908851974572C00A1534D /* Supporting Files */,
			);
			path = CoreMotionCapture;
			sourceTree = "<group>";
		};
		05C908851974572C00A1534D /* Supporting Files */ = {
			isa = PBXGroup;
			children = (
				05C908991974572C00A1534D /* Images.xcassets */,
				05C908931974572C00A1534D /* Main_iPad.storyboard */,
				05C908861974572C00A1534D /* CoreMotionCapture-Info.plist */,
				05C908871974572C00A1534D /* InfoPlist.strings */,
				05C9088A1974572C00A1534D /* main.m */,
				05C9088C1974572C00A1534D /* CoreMotionCapture-Prefix.pch */,
				053BF48A19E3159D000DE3B0 /* FieldRequirements.txt */,
				053BF48B19E3159D000DE3B0 /* TemplateIcon2x.png */,
			);
			name = "Supporting Files";
			sourceTree = "<group>";
		};
		05C908A61974572C00A1534D /* CoreMotionCaptureTests */ = {
			isa = PBXGroup;
			children = (
				05C908AC1974572C00A1534D /* CoreMotionCaptureTests.m */,
				05C908A71974572C00A1534D /* Supporting Files */,
			);
			path = CoreMotionCaptureTests;
			sourceTree = "<group>";
		};
		05C908A71974572C00A1534D /* Supporting Files */ = {
			isa = PBXGroup;
			children = (
				05C908A81974572C00A1534D /* CoreMotionCaptureTests-Info.plist */,
				05C908A91974572C00A1534D /* InfoPlist.strings */,
			);
			name = "Supporting Files";
			sourceTree = "<group>";
		};
/* End PBXGroup section */

/* Begin PBXNativeTarget section */
		05C9087A1974572C00A1534D /* CoreMotionCapture */ = {
			isa = PBXNativeTarget;
			buildConfigurationList = 05C908B01974572C00A1534D /* Build configuration list for PBXNativeTarget "CoreMotionCapture" */;
			buildPhases = (
				05C908771974572C00A1534D /* Sources */,
				05C908781974572C00A1534D /* Frameworks */,
				05C908791974572C00A1534D /* Resources */,
				052C4B9919FB17E1000EECD5 /* ShellScript */,
			);
			buildRules = (
			);
			dependencies = (
			);
			name = CoreMotionCapture;
			productName = CoreMotionCapture;
			productReference = 05C9087B1974572C00A1534D /* DataCapture.app */;
			productType = "com.apple.product-type.application";
		};
		05C9089E1974572C00A1534D /* CoreMotionCaptureTests */ = {
			isa = PBXNativeTarget;
			buildConfigurationList = 05C908B31974572C00A1534D /* Build configuration list for PBXNativeTarget "CoreMotionCaptureTests" */;
			buildPhases = (
				05C9089B1974572C00A1534D /* Sources */,
				05C9089C1974572C00A1534D /* Frameworks */,
				05C9089D1974572C00A1534D /* Resources */,
			);
			buildRules = (
			);
			dependencies = (
				05C908A51974572C00A1534D /* PBXTargetDependency */,
			);
			name = CoreMotionCaptureTests;
			productName = CoreMotionCaptureTests;
			productReference = 05C9089F1974572C00A1534D /* CoreMotionCaptureTests.xctest */;
			productType = "com.apple.product-type.bundle.unit-test";
		};
/* End PBXNativeTarget section */

/* Begin PBXProject section */
		05C908731974572C00A1534D /* Project object */ = {
			isa = PBXProject;
			attributes = {
				CLASSPREFIX = C;
				LastUpgradeCheck = 0630;
				ORGANIZATIONNAME = "Apio Systems";
				TargetAttributes = {
					05C9087A1974572C00A1534D = {
						DevelopmentTeam = PR6C6UCWP8;
						SystemCapabilities = {
							com.apple.BackgroundModes = {
								enabled = 1;
							};
						};
					};
					05C9089E1974572C00A1534D = {
						TestTargetID = 05C9087A1974572C00A1534D;
					};
				};
			};
			buildConfigurationList = 05C908761974572C00A1534D /* Build configuration list for PBXProject "CoreMotionCapture" */;
			compatibilityVersion = "Xcode 3.2";
			developmentRegion = English;
			hasScannedForEncodings = 0;
			knownRegions = (
				en,
				Base,
			);
			mainGroup = 05C908721974572C00A1534D;
			productRefGroup = 05C9087C1974572C00A1534D /* Products */;
			projectDirPath = "";
			projectRoot = "";
			targets = (
				05C9087A1974572C00A1534D /* CoreMotionCapture */,
				05C9089E1974572C00A1534D /* CoreMotionCaptureTests */,
			);
		};
/* End PBXProject section */

/* Begin PBXResourcesBuildPhase section */
		05C908791974572C00A1534D /* Resources */ = {
			isa = PBXResourcesBuildPhase;
			buildActionMask = 2147483647;
			files = (
				05C908951974572C00A1534D /* Main_iPad.storyboard in Resources */,
				053BF48C19E3159D000DE3B0 /* FieldRequirements.txt in Resources */,
				053BF48D19E3159D000DE3B0 /* TemplateIcon2x.png in Resources */,
				05C9089A1974572C00A1534D /* Images.xcassets in Resources */,
				05C908921974572C00A1534D /* Main_iPhone.storyboard in Resources */,
				05C908891974572C00A1534D /* InfoPlist.strings in Resources */,
			);
			runOnlyForDeploymentPostprocessing = 0;
		};
		05C9089D1974572C00A1534D /* Resources */ = {
			isa = PBXResourcesBuildPhase;
			buildActionMask = 2147483647;
			files = (
				05C908AB1974572C00A1534D /* InfoPlist.strings in Resources */,
			);
			runOnlyForDeploymentPostprocessing = 0;
		};
/* End PBXResourcesBuildPhase section */

/* Begin PBXShellScriptBuildPhase section */
		052C4B9919FB17E1000EECD5 /* ShellScript */ = {
			isa = PBXShellScriptBuildPhase;
			buildActionMask = 2147483647;
			files = (
			);
			inputPaths = (
			);
			outputPaths = (
			);
			runOnlyForDeploymentPostprocessing = 0;
			shellPath = /bin/sh;
			shellScript = "./Fabric.framework/run 97a18a5f3c4668735062ae7ecfc8f9590bb9428f cf1390461d462dce502dcef562b25fb77f959471f51c1b3f433676b0462fb747";
		};
/* End PBXShellScriptBuildPhase section */

/* Begin PBXSourcesBuildPhase section */
		05C908771974572C00A1534D /* Sources */ = {
			isa = PBXSourcesBuildPhase;
			buildActionMask = 2147483647;
			files = (
				056AC0201AEA8F4C001ADC86 /* STMagnetrometerMonitor.m in Sources */,
				05C9088F1974572C00A1534D /* CAppDelegate.m in Sources */,
				056AC01F1AEA8F4C001ADC86 /* STGyroMonitor.m in Sources */,
				059CEECA1B56828100BECEA6 /* CBtleConnectionViewController.m in Sources */,
				05C9088B1974572C00A1534D /* main.m in Sources */,
				056AC01E1AEA8F4C001ADC86 /* STGpsMonitor.m in Sources */,
				05C908981974572C00A1534D /* CViewController.m in Sources */,
				056AC01C1AEA8F4C001ADC86 /* STAccelerometerMonitor.m in Sources */,
				056AC0221AEA8F4C001ADC86 /* STProximityMonitor.m in Sources */,
				059CEEC51B567C2500BECEA6 /* PeripheralHandler.m in Sources */,
				059CEEC41B567C2500BECEA6 /* CentralManager.m in Sources */,
				056AC01D1AEA8F4C001ADC86 /* STActivityMonitor.m in Sources */,
				056AC0231AEA8F4C001ADC86 /* STSensorManager.m in Sources */,
				05C908BD19746F2200A1534D /* CMotionLogger.m in Sources */,
				056AC0211AEA8F4C001ADC86 /* STMotionMonitor.m in Sources */,
				054D0D5819D5D90E00C0C1A3 /* CSensorSampleInfoContainer.m in Sources */,
			);
			runOnlyForDeploymentPostprocessing = 0;
		};
		05C9089B1974572C00A1534D /* Sources */ = {
			isa = PBXSourcesBuildPhase;
			buildActionMask = 2147483647;
			files = (
				05C908AD1974572C00A1534D /* CoreMotionCaptureTests.m in Sources */,
			);
			runOnlyForDeploymentPostprocessing = 0;
		};
/* End PBXSourcesBuildPhase section */

/* Begin PBXTargetDependency section */
		05C908A51974572C00A1534D /* PBXTargetDependency */ = {
			isa = PBXTargetDependency;
			target = 05C9087A1974572C00A1534D /* CoreMotionCapture */;
			targetProxy = 05C908A41974572C00A1534D /* PBXContainerItemProxy */;
		};
/* End PBXTargetDependency section */

/* Begin PBXVariantGroup section */
		05C908871974572C00A1534D /* InfoPlist.strings */ = {
			isa = PBXVariantGroup;
			children = (
				05C908881974572C00A1534D /* en */,
			);
			name = InfoPlist.strings;
			sourceTree = "<group>";
		};
		05C908901974572C00A1534D /* Main_iPhone.storyboard */ = {
			isa = PBXVariantGroup;
			children = (
				05C908911974572C00A1534D /* Base */,
			);
			name = Main_iPhone.storyboard;
			sourceTree = "<group>";
		};
		05C908931974572C00A1534D /* Main_iPad.storyboard */ = {
			isa = PBXVariantGroup;
			children = (
				05C908941974572C00A1534D /* Base */,
			);
			name = Main_iPad.storyboard;
			sourceTree = "<group>";
		};
		05C908A91974572C00A1534D /* InfoPlist.strings */ = {
			isa = PBXVariantGroup;
			children = (
				05C908AA1974572C00A1534D /* en */,
			);
			name = InfoPlist.strings;
			sourceTree = "<group>";
		};
/* End PBXVariantGroup section */

/* Begin XCBuildConfiguration section */
		05C908AE1974572C00A1534D /* Debug */ = {
			isa = XCBuildConfiguration;
			buildSettings = {
				ALWAYS_SEARCH_USER_PATHS = NO;
				CLANG_CXX_LANGUAGE_STANDARD = "gnu++0x";
				CLANG_CXX_LIBRARY = "libc++";
				CLANG_ENABLE_MODULES = YES;
				CLANG_ENABLE_OBJC_ARC = YES;
				CLANG_WARN_BOOL_CONVERSION = YES;
				CLANG_WARN_CONSTANT_CONVERSION = YES;
				CLANG_WARN_DIRECT_OBJC_ISA_USAGE = YES_ERROR;
				CLANG_WARN_EMPTY_BODY = YES;
				CLANG_WARN_ENUM_CONVERSION = YES;
				CLANG_WARN_INT_CONVERSION = YES;
				CLANG_WARN_OBJC_ROOT_CLASS = YES_ERROR;
				CLANG_WARN__DUPLICATE_METHOD_MATCH = YES;
				"CODE_SIGN_IDENTITY[sdk=iphoneos*]" = "iPhone Developer";
				COPY_PHASE_STRIP = NO;
				GCC_C_LANGUAGE_STANDARD = gnu99;
				GCC_DYNAMIC_NO_PIC = NO;
				GCC_OPTIMIZATION_LEVEL = 0;
				GCC_PREPROCESSOR_DEFINITIONS = (
					"DEBUG=1",
					"$(inherited)",
				);
				GCC_SYMBOLS_PRIVATE_EXTERN = NO;
				GCC_WARN_64_TO_32_BIT_CONVERSION = YES;
				GCC_WARN_ABOUT_RETURN_TYPE = YES_ERROR;
				GCC_WARN_UNDECLARED_SELECTOR = YES;
				GCC_WARN_UNINITIALIZED_AUTOS = YES_AGGRESSIVE;
				GCC_WARN_UNUSED_FUNCTION = YES;
				GCC_WARN_UNUSED_VARIABLE = YES;
				IPHONEOS_DEPLOYMENT_TARGET = 7.1;
				LIBRARY_SEARCH_PATHS = "";
				ONLY_ACTIVE_ARCH = YES;
				SDKROOT = iphoneos;
				TARGETED_DEVICE_FAMILY = "1,2";
				VALID_ARCHS = "armv7 armv7s";
			};
			name = Debug;
		};
		05C908AF1974572C00A1534D /* Release */ = {
			isa = XCBuildConfiguration;
			buildSettings = {
				ALWAYS_SEARCH_USER_PATHS = NO;
				CLANG_CXX_LANGUAGE_STANDARD = "gnu++0x";
				CLANG_CXX_LIBRARY = "libc++";
				CLANG_ENABLE_MODULES = YES;
				CLANG_ENABLE_OBJC_ARC = YES;
				CLANG_WARN_BOOL_CONVERSION = YES;
				CLANG_WARN_CONSTANT_CONVERSION = YES;
				CLANG_WARN_DIRECT_OBJC_ISA_USAGE = YES_ERROR;
				CLANG_WARN_EMPTY_BODY = YES;
				CLANG_WARN_ENUM_CONVERSION = YES;
				CLANG_WARN_INT_CONVERSION = YES;
				CLANG_WARN_OBJC_ROOT_CLASS = YES_ERROR;
				CLANG_WARN__DUPLICATE_METHOD_MATCH = YES;
				"CODE_SIGN_IDENTITY[sdk=iphoneos*]" = "iPhone Developer";
				COPY_PHASE_STRIP = YES;
				ENABLE_NS_ASSERTIONS = NO;
				GCC_C_LANGUAGE_STANDARD = gnu99;
				GCC_WARN_64_TO_32_BIT_CONVERSION = YES;
				GCC_WARN_ABOUT_RETURN_TYPE = YES_ERROR;
				GCC_WARN_UNDECLARED_SELECTOR = YES;
				GCC_WARN_UNINITIALIZED_AUTOS = YES_AGGRESSIVE;
				GCC_WARN_UNUSED_FUNCTION = YES;
				GCC_WARN_UNUSED_VARIABLE = YES;
				IPHONEOS_DEPLOYMENT_TARGET = 7.1;
				SDKROOT = iphoneos;
				TARGETED_DEVICE_FAMILY = "1,2";
				VALIDATE_PRODUCT = YES;
				VALID_ARCHS = "armv7 armv7s";
			};
			name = Release;
		};
		05C908B11974572C00A1534D /* Debug */ = {
			isa = XCBuildConfiguration;
			buildSettings = {
				ARCHS = (
					armv7,
					armv6,
				);
				ASSETCATALOG_COMPILER_APPICON_NAME = AppIcon;
				ASSETCATALOG_COMPILER_LAUNCHIMAGE_NAME = LaunchImage;
				CODE_SIGN_IDENTITY = "iPhone Developer";
				FRAMEWORK_SEARCH_PATHS = (
					"$(inherited)",
					"$(PROJECT_DIR)",
				);
				GCC_PRECOMPILE_PREFIX_HEADER = YES;
				GCC_PREFIX_HEADER = "CoreMotionCapture/CoreMotionCapture-Prefix.pch";
				INFOPLIST_FILE = "CoreMotionCapture/CoreMotionCapture-Info.plist";
				PRODUCT_NAME = DataCapture;
				WRAPPER_EXTENSION = app;
			};
			name = Debug;
		};
		05C908B21974572C00A1534D /* Release */ = {
			isa = XCBuildConfiguration;
			buildSettings = {
				ARCHS = (
					armv7,
					armv6,
				);
				ASSETCATALOG_COMPILER_APPICON_NAME = AppIcon;
				ASSETCATALOG_COMPILER_LAUNCHIMAGE_NAME = LaunchImage;
				CODE_SIGN_IDENTITY = "iPhone Developer";
				FRAMEWORK_SEARCH_PATHS = (
					"$(inherited)",
					"$(PROJECT_DIR)",
				);
				GCC_PRECOMPILE_PREFIX_HEADER = YES;
				GCC_PREFIX_HEADER = "CoreMotionCapture/CoreMotionCapture-Prefix.pch";
				INFOPLIST_FILE = "CoreMotionCapture/CoreMotionCapture-Info.plist";
				PRODUCT_NAME = DataCapture;
				WRAPPER_EXTENSION = app;
			};
			name = Release;
		};
		05C908B41974572C00A1534D /* Debug */ = {
			isa = XCBuildConfiguration;
			buildSettings = {
				BUNDLE_LOADER = "$(BUILT_PRODUCTS_DIR)/CoreMotionCapture.app/CoreMotionCapture";
				FRAMEWORK_SEARCH_PATHS = (
					"$(SDKROOT)/Developer/Library/Frameworks",
					"$(inherited)",
					"$(DEVELOPER_FRAMEWORKS_DIR)",
					"$(PROJECT_DIR)",
				);
				GCC_PRECOMPILE_PREFIX_HEADER = YES;
				GCC_PREFIX_HEADER = "CoreMotionCapture/CoreMotionCapture-Prefix.pch";
				GCC_PREPROCESSOR_DEFINITIONS = (
					"DEBUG=1",
					"$(inherited)",
				);
				INFOPLIST_FILE = "CoreMotionCaptureTests/CoreMotionCaptureTests-Info.plist";
				PRODUCT_NAME = "$(TARGET_NAME)";
				TEST_HOST = "$(BUNDLE_LOADER)";
				WRAPPER_EXTENSION = xctest;
			};
			name = Debug;
		};
		05C908B51974572C00A1534D /* Release */ = {
			isa = XCBuildConfiguration;
			buildSettings = {
				BUNDLE_LOADER = "$(BUILT_PRODUCTS_DIR)/CoreMotionCapture.app/CoreMotionCapture";
				FRAMEWORK_SEARCH_PATHS = (
					"$(SDKROOT)/Developer/Library/Frameworks",
					"$(inherited)",
					"$(DEVELOPER_FRAMEWORKS_DIR)",
					"$(PROJECT_DIR)",
				);
				GCC_PRECOMPILE_PREFIX_HEADER = YES;
				GCC_PREFIX_HEADER = "CoreMotionCapture/CoreMotionCapture-Prefix.pch";
				INFOPLIST_FILE = "CoreMotionCaptureTests/CoreMotionCaptureTests-Info.plist";
				PRODUCT_NAME = "$(TARGET_NAME)";
				TEST_HOST = "$(BUNDLE_LOADER)";
				WRAPPER_EXTENSION = xctest;
			};
			name = Release;
		};
/* End XCBuildConfiguration section */

/* Begin XCConfigurationList section */
		05C908761974572C00A1534D /* Build configuration list for PBXProject "CoreMotionCapture" */ = {
			isa = XCConfigurationList;
			buildConfigurations = (
				05C908AE1974572C00A1534D /* Debug */,
				05C908AF1974572C00A1534D /* Release */,
			);
			defaultConfigurationIsVisible = 0;
			defaultConfigurationName = Release;
		};
		05C908B01974572C00A1534D /* Build configuration list for PBXNativeTarget "CoreMotionCapture" */ = {
			isa = XCConfigurationList;
			buildConfigurations = (
				05C908B11974572C00A1534D /* Debug */,
				05C908B21974572C00A1534D /* Release */,
			);
			defaultConfigurationIsVisible = 0;
			defaultConfigurationName = Release;
		};
		05C908B31974572C00A1534D /* Build configuration list for PBXNativeTarget "CoreMotionCaptureTests" */ = {
			isa = XCConfigurationList;
			buildConfigurations = (
				05C908B41974572C00A1534D /* Debug */,
				05C908B51974572C00A1534D /* Release */,
			);
			defaultConfigurationIsVisible = 0;
			defaultConfigurationName = Release;
		};
/* End XCConfigurationList section */
	};
	rootObject = 05C908731974572C00A1534D /* Project object */;
}
